// !$*UTF8*$!
{
	archiveVersion = 1;
	classes = {
	};
	objectVersion = 50;
	objects = {

/* Begin PBXBuildFile section */
		64EB4C5E5DC090CD4353991B /* Pods_ZTrips.framework in Frameworks */ = {isa = PBXBuildFile; fileRef = E3D309B55A728E1F6A542227 /* Pods_ZTrips.framework */; };
		E37323A121F67DB1003B95F8 /* ButtonAnimation.swift in Sources */ = {isa = PBXBuildFile; fileRef = E37323A021F67DB0003B95F8 /* ButtonAnimation.swift */; };
		EE1056E921EFF05E003315CF /* AboutViewController.swift in Sources */ = {isa = PBXBuildFile; fileRef = EE1056E721EFF05E003315CF /* AboutViewController.swift */; };
		EE1056EA21EFF05E003315CF /* NewPlaceViewController.swift in Sources */ = {isa = PBXBuildFile; fileRef = EE1056E821EFF05E003315CF /* NewPlaceViewController.swift */; };
		EE1056EC21F163C6003315CF /* FiltersTableViewController.swift in Sources */ = {isa = PBXBuildFile; fileRef = EE1056EB21F163C6003315CF /* FiltersTableViewController.swift */; };
		EE1056EE21F2AF44003315CF /* MapViewController.swift in Sources */ = {isa = PBXBuildFile; fileRef = EE1056ED21F2AF44003315CF /* MapViewController.swift */; };
		EE1056F821F3A852003315CF /* PlacesManager.swift in Sources */ = {isa = PBXBuildFile; fileRef = EE1056F721F3A852003315CF /* PlacesManager.swift */; };
		EE1056FB21F3BAC7003315CF /* ZTrips.xcdatamodeld in Sources */ = {isa = PBXBuildFile; fileRef = EE1056F921F3BAC7003315CF /* ZTrips.xcdatamodeld */; };
		EE1056FD21F3D450003315CF /* DataSync.swift in Sources */ = {isa = PBXBuildFile; fileRef = EE1056FC21F3D450003315CF /* DataSync.swift */; };
		EE1056FF21F4AF19003315CF /* UICollectionView+NSFetchedResultsController.swift in Sources */ = {isa = PBXBuildFile; fileRef = EE1056FE21F4AF19003315CF /* UICollectionView+NSFetchedResultsController.swift */; };
		EE10570121F4CED2003315CF /* PlacesTableViewController.swift in Sources */ = {isa = PBXBuildFile; fileRef = EE10570021F4CED2003315CF /* PlacesTableViewController.swift */; };
		EE10570321F4D363003315CF /* PlaceTableViewCell.swift in Sources */ = {isa = PBXBuildFile; fileRef = EE10570221F4D363003315CF /* PlaceTableViewCell.swift */; };
		EE10570521F4DE59003315CF /* LocationService.swift in Sources */ = {isa = PBXBuildFile; fileRef = EE10570421F4DE59003315CF /* LocationService.swift */; };
		EE10570721F51B7C003315CF /* Constants.swift in Sources */ = {isa = PBXBuildFile; fileRef = EE10570621F51B7C003315CF /* Constants.swift */; };
		EE3BF39221EE653F001E5635 /* CustomLayout.swift in Sources */ = {isa = PBXBuildFile; fileRef = EE3BF39121EE653F001E5635 /* CustomLayout.swift */; };
		EE3BF39421EE6D79001E5635 /* PlacesCollectionViewController.swift in Sources */ = {isa = PBXBuildFile; fileRef = EE3BF39321EE6D79001E5635 /* PlacesCollectionViewController.swift */; };
		EE3BF39721EE6EAD001E5635 /* PlaceCell.swift in Sources */ = {isa = PBXBuildFile; fileRef = EE3BF39621EE6EAD001E5635 /* PlaceCell.swift */; };
		EE3BF39921EE91F2001E5635 /* ImageCache.swift in Sources */ = {isa = PBXBuildFile; fileRef = EE3BF39821EE91F2001E5635 /* ImageCache.swift */; };
		EE3BF39B21EE9273001E5635 /* AsyncImageView.swift in Sources */ = {isa = PBXBuildFile; fileRef = EE3BF39A21EE9273001E5635 /* AsyncImageView.swift */; };
		EE6523DD21DD31A3000B5FCD /* AppDelegate.swift in Sources */ = {isa = PBXBuildFile; fileRef = EE6523DC21DD31A3000B5FCD /* AppDelegate.swift */; };
		EE6523DF21DD31A3000B5FCD /* ViewController.swift in Sources */ = {isa = PBXBuildFile; fileRef = EE6523DE21DD31A3000B5FCD /* ViewController.swift */; };
		EE6523E221DD31A3000B5FCD /* Main.storyboard in Resources */ = {isa = PBXBuildFile; fileRef = EE6523E021DD31A3000B5FCD /* Main.storyboard */; };
		EE6523E421DD31A4000B5FCD /* Assets.xcassets in Resources */ = {isa = PBXBuildFile; fileRef = EE6523E321DD31A4000B5FCD /* Assets.xcassets */; };
		EE6523E721DD31A4000B5FCD /* LaunchScreen.storyboard in Resources */ = {isa = PBXBuildFile; fileRef = EE6523E521DD31A4000B5FCD /* LaunchScreen.storyboard */; };
		EE6523F021DD4B09000B5FCD /* Place.swift in Sources */ = {isa = PBXBuildFile; fileRef = EE6523EF21DD4B09000B5FCD /* Place.swift */; };
		EE6523F221DD4B76000B5FCD /* Coordinate.swift in Sources */ = {isa = PBXBuildFile; fileRef = EE6523F121DD4B76000B5FCD /* Coordinate.swift */; };
		EE6523F521DD4C07000B5FCD /* DataDownloader.swift in Sources */ = {isa = PBXBuildFile; fileRef = EE6523F421DD4C07000B5FCD /* DataDownloader.swift */; };
		EE6523F721DD4C20000B5FCD /* ApiUrlCreator.swift in Sources */ = {isa = PBXBuildFile; fileRef = EE6523F621DD4C20000B5FCD /* ApiUrlCreator.swift */; };
		EE8E694821EF7D9E00279C72 /* GradientView.swift in Sources */ = {isa = PBXBuildFile; fileRef = EE8E694721EF7D9E00279C72 /* GradientView.swift */; };
		EE8E694A21EF803500279C72 /* PlaceDetailViewController.swift in Sources */ = {isa = PBXBuildFile; fileRef = EE8E694921EF803500279C72 /* PlaceDetailViewController.swift */; };
		EE8E694D21EF8B6100279C72 /* SegueIdentifiers.swift in Sources */ = {isa = PBXBuildFile; fileRef = EE8E694C21EF8B6100279C72 /* SegueIdentifiers.swift */; };
/* End PBXBuildFile section */

/* Begin PBXFileReference section */
		49A2F2842A4EFD55ABC091A4 /* Pods-ZTrips.release.xcconfig */ = {isa = PBXFileReference; includeInIndex = 1; lastKnownFileType = text.xcconfig; name = "Pods-ZTrips.release.xcconfig"; path = "Pods/Target Support Files/Pods-ZTrips/Pods-ZTrips.release.xcconfig"; sourceTree = "<group>"; };
		E37323A021F67DB0003B95F8 /* ButtonAnimation.swift */ = {isa = PBXFileReference; lastKnownFileType = sourcecode.swift; path = ButtonAnimation.swift; sourceTree = "<group>"; };
		E3D309B55A728E1F6A542227 /* Pods_ZTrips.framework */ = {isa = PBXFileReference; explicitFileType = wrapper.framework; includeInIndex = 0; path = Pods_ZTrips.framework; sourceTree = BUILT_PRODUCTS_DIR; };
		EE1056E721EFF05E003315CF /* AboutViewController.swift */ = {isa = PBXFileReference; fileEncoding = 4; lastKnownFileType = sourcecode.swift; path = AboutViewController.swift; sourceTree = "<group>"; };
		EE1056E821EFF05E003315CF /* NewPlaceViewController.swift */ = {isa = PBXFileReference; fileEncoding = 4; lastKnownFileType = sourcecode.swift; path = NewPlaceViewController.swift; sourceTree = "<group>"; };
		EE1056EB21F163C6003315CF /* FiltersTableViewController.swift */ = {isa = PBXFileReference; fileEncoding = 4; lastKnownFileType = sourcecode.swift; path = FiltersTableViewController.swift; sourceTree = "<group>"; };
		EE1056ED21F2AF44003315CF /* MapViewController.swift */ = {isa = PBXFileReference; lastKnownFileType = sourcecode.swift; path = MapViewController.swift; sourceTree = "<group>"; };
		EE1056F721F3A852003315CF /* PlacesManager.swift */ = {isa = PBXFileReference; lastKnownFileType = sourcecode.swift; path = PlacesManager.swift; sourceTree = "<group>"; };
		EE1056FA21F3BAC7003315CF /* ZTrips.xcdatamodel */ = {isa = PBXFileReference; lastKnownFileType = wrapper.xcdatamodel; path = ZTrips.xcdatamodel; sourceTree = "<group>"; };
		EE1056FC21F3D450003315CF /* DataSync.swift */ = {isa = PBXFileReference; lastKnownFileType = sourcecode.swift; path = DataSync.swift; sourceTree = "<group>"; };
		EE1056FE21F4AF19003315CF /* UICollectionView+NSFetchedResultsController.swift */ = {isa = PBXFileReference; lastKnownFileType = sourcecode.swift; path = "UICollectionView+NSFetchedResultsController.swift"; sourceTree = "<group>"; };
		EE10570021F4CED2003315CF /* PlacesTableViewController.swift */ = {isa = PBXFileReference; lastKnownFileType = sourcecode.swift; path = PlacesTableViewController.swift; sourceTree = "<group>"; };
		EE10570221F4D363003315CF /* PlaceTableViewCell.swift */ = {isa = PBXFileReference; lastKnownFileType = sourcecode.swift; path = PlaceTableViewCell.swift; sourceTree = "<group>"; };
		EE10570421F4DE59003315CF /* LocationService.swift */ = {isa = PBXFileReference; lastKnownFileType = sourcecode.swift; path = LocationService.swift; sourceTree = "<group>"; };
		EE10570621F51B7C003315CF /* Constants.swift */ = {isa = PBXFileReference; lastKnownFileType = sourcecode.swift; path = Constants.swift; sourceTree = "<group>"; };
		EE3BF39121EE653F001E5635 /* CustomLayout.swift */ = {isa = PBXFileReference; lastKnownFileType = sourcecode.swift; path = CustomLayout.swift; sourceTree = "<group>"; };
		EE3BF39321EE6D79001E5635 /* PlacesCollectionViewController.swift */ = {isa = PBXFileReference; lastKnownFileType = sourcecode.swift; path = PlacesCollectionViewController.swift; sourceTree = "<group>"; };
		EE3BF39621EE6EAD001E5635 /* PlaceCell.swift */ = {isa = PBXFileReference; lastKnownFileType = sourcecode.swift; path = PlaceCell.swift; sourceTree = "<group>"; };
		EE3BF39821EE91F2001E5635 /* ImageCache.swift */ = {isa = PBXFileReference; lastKnownFileType = sourcecode.swift; path = ImageCache.swift; sourceTree = "<group>"; };
		EE3BF39A21EE9273001E5635 /* AsyncImageView.swift */ = {isa = PBXFileReference; fileEncoding = 4; lastKnownFileType = sourcecode.swift; path = AsyncImageView.swift; sourceTree = "<group>"; };
		EE6523D921DD31A3000B5FCD /* ZTrips.app */ = {isa = PBXFileReference; explicitFileType = wrapper.application; includeInIndex = 0; path = ZTrips.app; sourceTree = BUILT_PRODUCTS_DIR; };
		EE6523DC21DD31A3000B5FCD /* AppDelegate.swift */ = {isa = PBXFileReference; lastKnownFileType = sourcecode.swift; path = AppDelegate.swift; sourceTree = "<group>"; };
		EE6523DE21DD31A3000B5FCD /* ViewController.swift */ = {isa = PBXFileReference; lastKnownFileType = sourcecode.swift; path = ViewController.swift; sourceTree = "<group>"; };
		EE6523E121DD31A3000B5FCD /* Base */ = {isa = PBXFileReference; lastKnownFileType = file.storyboard; name = Base; path = Base.lproj/Main.storyboard; sourceTree = "<group>"; };
		EE6523E321DD31A4000B5FCD /* Assets.xcassets */ = {isa = PBXFileReference; lastKnownFileType = folder.assetcatalog; path = Assets.xcassets; sourceTree = "<group>"; };
		EE6523E621DD31A4000B5FCD /* Base */ = {isa = PBXFileReference; lastKnownFileType = file.storyboard; name = Base; path = Base.lproj/LaunchScreen.storyboard; sourceTree = "<group>"; };
		EE6523E821DD31A4000B5FCD /* Info.plist */ = {isa = PBXFileReference; lastKnownFileType = text.plist.xml; path = Info.plist; sourceTree = "<group>"; };
		EE6523EF21DD4B09000B5FCD /* Place.swift */ = {isa = PBXFileReference; lastKnownFileType = sourcecode.swift; path = Place.swift; sourceTree = "<group>"; };
		EE6523F121DD4B76000B5FCD /* Coordinate.swift */ = {isa = PBXFileReference; lastKnownFileType = sourcecode.swift; path = Coordinate.swift; sourceTree = "<group>"; };
		EE6523F421DD4C07000B5FCD /* DataDownloader.swift */ = {isa = PBXFileReference; lastKnownFileType = sourcecode.swift; path = DataDownloader.swift; sourceTree = "<group>"; };
		EE6523F621DD4C20000B5FCD /* ApiUrlCreator.swift */ = {isa = PBXFileReference; lastKnownFileType = sourcecode.swift; path = ApiUrlCreator.swift; sourceTree = "<group>"; };
		EE8E694721EF7D9E00279C72 /* GradientView.swift */ = {isa = PBXFileReference; lastKnownFileType = sourcecode.swift; path = GradientView.swift; sourceTree = "<group>"; };
		EE8E694921EF803500279C72 /* PlaceDetailViewController.swift */ = {isa = PBXFileReference; lastKnownFileType = sourcecode.swift; path = PlaceDetailViewController.swift; sourceTree = "<group>"; };
		EE8E694C21EF8B6100279C72 /* SegueIdentifiers.swift */ = {isa = PBXFileReference; lastKnownFileType = sourcecode.swift; path = SegueIdentifiers.swift; sourceTree = "<group>"; };
		F49C02F04A15E4C33BD1E82F /* Pods-ZTrips.debug.xcconfig */ = {isa = PBXFileReference; includeInIndex = 1; lastKnownFileType = text.xcconfig; name = "Pods-ZTrips.debug.xcconfig"; path = "Pods/Target Support Files/Pods-ZTrips/Pods-ZTrips.debug.xcconfig"; sourceTree = "<group>"; };
/* End PBXFileReference section */

/* Begin PBXFrameworksBuildPhase section */
		EE6523D621DD31A3000B5FCD /* Frameworks */ = {
			isa = PBXFrameworksBuildPhase;
			buildActionMask = 2147483647;
			files = (
				64EB4C5E5DC090CD4353991B /* Pods_ZTrips.framework in Frameworks */,
			);
			runOnlyForDeploymentPostprocessing = 0;
		};
/* End PBXFrameworksBuildPhase section */

/* Begin PBXGroup section */
		55A8AED6C5E6D07E446A4B27 /* Pods */ = {
			isa = PBXGroup;
			children = (
				F49C02F04A15E4C33BD1E82F /* Pods-ZTrips.debug.xcconfig */,
				49A2F2842A4EFD55ABC091A4 /* Pods-ZTrips.release.xcconfig */,
			);
			name = Pods;
			sourceTree = "<group>";
		};
		E64CE707457663CB1E88A131 /* Frameworks */ = {
			isa = PBXGroup;
			children = (
				E3D309B55A728E1F6A542227 /* Pods_ZTrips.framework */,
			);
			name = Frameworks;
			sourceTree = "<group>";
		};
		EE3BF39021EE6514001E5635 /* Layouts */ = {
			isa = PBXGroup;
			children = (
				EE3BF39121EE653F001E5635 /* CustomLayout.swift */,
			);
			path = Layouts;
			sourceTree = "<group>";
		};
		EE3BF39521EE6E8F001E5635 /* VIews */ = {
			isa = PBXGroup;
			children = (
				EE3BF39A21EE9273001E5635 /* AsyncImageView.swift */,
				EE3BF39621EE6EAD001E5635 /* PlaceCell.swift */,
				EE8E694721EF7D9E00279C72 /* GradientView.swift */,
				EE10570221F4D363003315CF /* PlaceTableViewCell.swift */,
				E37323A021F67DB0003B95F8 /* ButtonAnimation.swift */,
			);
			path = VIews;
			sourceTree = "<group>";
		};
		EE6523D021DD31A3000B5FCD = {
			isa = PBXGroup;
			children = (
				EE6523DB21DD31A3000B5FCD /* ZTrips */,
				EE6523DA21DD31A3000B5FCD /* Products */,
				55A8AED6C5E6D07E446A4B27 /* Pods */,
				E64CE707457663CB1E88A131 /* Frameworks */,
			);
			sourceTree = "<group>";
		};
		EE6523DA21DD31A3000B5FCD /* Products */ = {
			isa = PBXGroup;
			children = (
				EE6523D921DD31A3000B5FCD /* ZTrips.app */,
			);
			name = Products;
			sourceTree = "<group>";
		};
		EE6523DB21DD31A3000B5FCD /* ZTrips */ = {
			isa = PBXGroup;
			children = (
				EE8E694B21EF8B3000279C72 /* Utils */,
				EE3BF39521EE6E8F001E5635 /* VIews */,
				EE3BF39021EE6514001E5635 /* Layouts */,
				EE6523FA21DD4E80000B5FCD /* Controllers */,
				EE6523F921DD4E73000B5FCD /* Storyboards */,
				EE6523F821DD4E62000B5FCD /* Assets */,
				EE6523F321DD4BF1000B5FCD /* Services */,
				EE6523EE21DD4AE8000B5FCD /* Models */,
				EE6523DC21DD31A3000B5FCD /* AppDelegate.swift */,
				EE6523E821DD31A4000B5FCD /* Info.plist */,
				EE1056FE21F4AF19003315CF /* UICollectionView+NSFetchedResultsController.swift */,
			);
			path = ZTrips;
			sourceTree = "<group>";
		};
		EE6523EE21DD4AE8000B5FCD /* Models */ = {
			isa = PBXGroup;
			children = (
				EE6523EF21DD4B09000B5FCD /* Place.swift */,
				EE6523F121DD4B76000B5FCD /* Coordinate.swift */,
				EE1056F921F3BAC7003315CF /* ZTrips.xcdatamodeld */,
			);
			path = Models;
			sourceTree = "<group>";
		};
		EE6523F321DD4BF1000B5FCD /* Services */ = {
			isa = PBXGroup;
			children = (
				EE6523F421DD4C07000B5FCD /* DataDownloader.swift */,
				EE6523F621DD4C20000B5FCD /* ApiUrlCreator.swift */,
				EE3BF39821EE91F2001E5635 /* ImageCache.swift */,
				EE1056F721F3A852003315CF /* PlacesManager.swift */,
				EE1056FC21F3D450003315CF /* DataSync.swift */,
				EE10570421F4DE59003315CF /* LocationService.swift */,
			);
			path = Services;
			sourceTree = "<group>";
		};
		EE6523F821DD4E62000B5FCD /* Assets */ = {
			isa = PBXGroup;
			children = (
				EE6523E321DD31A4000B5FCD /* Assets.xcassets */,
			);
			path = Assets;
			sourceTree = "<group>";
		};
		EE6523F921DD4E73000B5FCD /* Storyboards */ = {
			isa = PBXGroup;
			children = (
				EE6523E021DD31A3000B5FCD /* Main.storyboard */,
				EE6523E521DD31A4000B5FCD /* LaunchScreen.storyboard */,
			);
			path = Storyboards;
			sourceTree = "<group>";
		};
		EE6523FA21DD4E80000B5FCD /* Controllers */ = {
			isa = PBXGroup;
			children = (
				EE1056EB21F163C6003315CF /* FiltersTableViewController.swift */,
				EE1056E721EFF05E003315CF /* AboutViewController.swift */,
				EE1056E821EFF05E003315CF /* NewPlaceViewController.swift */,
				EE6523DE21DD31A3000B5FCD /* ViewController.swift */,
				EE3BF39321EE6D79001E5635 /* PlacesCollectionViewController.swift */,
				EE8E694921EF803500279C72 /* PlaceDetailViewController.swift */,
				EE1056ED21F2AF44003315CF /* MapViewController.swift */,
				EE10570021F4CED2003315CF /* PlacesTableViewController.swift */,
			);
			path = Controllers;
			sourceTree = "<group>";
		};
		EE8E694B21EF8B3000279C72 /* Utils */ = {
			isa = PBXGroup;
			children = (
				EE8E694C21EF8B6100279C72 /* SegueIdentifiers.swift */,
				EE10570621F51B7C003315CF /* Constants.swift */,
			);
			path = Utils;
			sourceTree = "<group>";
		};
/* End PBXGroup section */

/* Begin PBXNativeTarget section */
		EE6523D821DD31A3000B5FCD /* ZTrips */ = {
			isa = PBXNativeTarget;
			buildConfigurationList = EE6523EB21DD31A4000B5FCD /* Build configuration list for PBXNativeTarget "ZTrips" */;
			buildPhases = (
				BB5A36431511889810A8FC85 /* [CP] Check Pods Manifest.lock */,
				EE6523D521DD31A3000B5FCD /* Sources */,
				EE6523D621DD31A3000B5FCD /* Frameworks */,
				EE6523D721DD31A3000B5FCD /* Resources */,
				B697960AA1B9FE317F436644 /* [CP] Copy Pods Resources */,
			);
			buildRules = (
			);
			dependencies = (
			);
			name = ZTrips;
			productName = ZTrips;
			productReference = EE6523D921DD31A3000B5FCD /* ZTrips.app */;
			productType = "com.apple.product-type.application";
		};
/* End PBXNativeTarget section */

/* Begin PBXProject section */
		EE6523D121DD31A3000B5FCD /* Project object */ = {
			isa = PBXProject;
			attributes = {
				LastSwiftUpdateCheck = 1010;
				LastUpgradeCheck = 1010;
				ORGANIZATIONNAME = "Libranner Leonel Santos Espinal";
				TargetAttributes = {
					EE6523D821DD31A3000B5FCD = {
						CreatedOnToolsVersion = 10.1;
						SystemCapabilities = {
							com.apple.BackgroundModes = {
								enabled = 1;
							};
						};
					};
				};
			};
			buildConfigurationList = EE6523D421DD31A3000B5FCD /* Build configuration list for PBXProject "ZTrips" */;
			compatibilityVersion = "Xcode 9.3";
			developmentRegion = en;
			hasScannedForEncodings = 0;
			knownRegions = (
				en,
				Base,
			);
			mainGroup = EE6523D021DD31A3000B5FCD;
			productRefGroup = EE6523DA21DD31A3000B5FCD /* Products */;
			projectDirPath = "";
			projectRoot = "";
			targets = (
				EE6523D821DD31A3000B5FCD /* ZTrips */,
			);
		};
/* End PBXProject section */

/* Begin PBXResourcesBuildPhase section */
		EE6523D721DD31A3000B5FCD /* Resources */ = {
			isa = PBXResourcesBuildPhase;
			buildActionMask = 2147483647;
			files = (
				EE6523E721DD31A4000B5FCD /* LaunchScreen.storyboard in Resources */,
				EE6523E421DD31A4000B5FCD /* Assets.xcassets in Resources */,
				EE6523E221DD31A3000B5FCD /* Main.storyboard in Resources */,
			);
			runOnlyForDeploymentPostprocessing = 0;
		};
/* End PBXResourcesBuildPhase section */

/* Begin PBXShellScriptBuildPhase section */
		B697960AA1B9FE317F436644 /* [CP] Copy Pods Resources */ = {
			isa = PBXShellScriptBuildPhase;
			buildActionMask = 2147483647;
			files = (
			);
			inputPaths = (
				"${SRCROOT}/Pods/Target Support Files/Pods-ZTrips/Pods-ZTrips-resources.sh",
				"${PODS_ROOT}/GoogleMaps/Maps/Frameworks/GoogleMaps.framework/Resources/GoogleMaps.bundle",
			);
			name = "[CP] Copy Pods Resources";
			outputPaths = (
				"${TARGET_BUILD_DIR}/${UNLOCALIZED_RESOURCES_FOLDER_PATH}/GoogleMaps.bundle",
			);
			runOnlyForDeploymentPostprocessing = 0;
			shellPath = /bin/sh;
			shellScript = "\"${SRCROOT}/Pods/Target Support Files/Pods-ZTrips/Pods-ZTrips-resources.sh\"\n";
			showEnvVarsInLog = 0;
		};
		BB5A36431511889810A8FC85 /* [CP] Check Pods Manifest.lock */ = {
			isa = PBXShellScriptBuildPhase;
			buildActionMask = 2147483647;
			files = (
			);
			inputPaths = (
				"${PODS_PODFILE_DIR_PATH}/Podfile.lock",
				"${PODS_ROOT}/Manifest.lock",
			);
			name = "[CP] Check Pods Manifest.lock";
			outputPaths = (
				"$(DERIVED_FILE_DIR)/Pods-ZTrips-checkManifestLockResult.txt",
			);
			runOnlyForDeploymentPostprocessing = 0;
			shellPath = /bin/sh;
			shellScript = "diff \"${PODS_PODFILE_DIR_PATH}/Podfile.lock\" \"${PODS_ROOT}/Manifest.lock\" > /dev/null\nif [ $? != 0 ] ; then\n    # print error to STDERR\n    echo \"error: The sandbox is not in sync with the Podfile.lock. Run 'pod install' or update your CocoaPods installation.\" >&2\n    exit 1\nfi\n# This output is used by Xcode 'outputs' to avoid re-running this script phase.\necho \"SUCCESS\" > \"${SCRIPT_OUTPUT_FILE_0}\"\n";
			showEnvVarsInLog = 0;
		};
/* End PBXShellScriptBuildPhase section */

/* Begin PBXSourcesBuildPhase section */
		EE6523D521DD31A3000B5FCD /* Sources */ = {
			isa = PBXSourcesBuildPhase;
			buildActionMask = 2147483647;
			files = (
				EE1056FF21F4AF19003315CF /* UICollectionView+NSFetchedResultsController.swift in Sources */,
				EE8E694A21EF803500279C72 /* PlaceDetailViewController.swift in Sources */,
				EE10570521F4DE59003315CF /* LocationService.swift in Sources */,
				EE1056EC21F163C6003315CF /* FiltersTableViewController.swift in Sources */,
				EE3BF39921EE91F2001E5635 /* ImageCache.swift in Sources */,
				EE6523F021DD4B09000B5FCD /* Place.swift in Sources */,
				EE1056E921EFF05E003315CF /* AboutViewController.swift in Sources */,
				EE10570721F51B7C003315CF /* Constants.swift in Sources */,
				EE8E694821EF7D9E00279C72 /* GradientView.swift in Sources */,
				EE10570121F4CED2003315CF /* PlacesTableViewController.swift in Sources */,
				EE1056EA21EFF05E003315CF /* NewPlaceViewController.swift in Sources */,
				EE3BF39221EE653F001E5635 /* CustomLayout.swift in Sources */,
				EE3BF39421EE6D79001E5635 /* PlacesCollectionViewController.swift in Sources */,
				EE10570321F4D363003315CF /* PlaceTableViewCell.swift in Sources */,
				EE6523F521DD4C07000B5FCD /* DataDownloader.swift in Sources */,
				EE3BF39B21EE9273001E5635 /* AsyncImageView.swift in Sources */,
				EE1056FB21F3BAC7003315CF /* ZTrips.xcdatamodeld in Sources */,
				EE3BF39721EE6EAD001E5635 /* PlaceCell.swift in Sources */,
				EE1056F821F3A852003315CF /* PlacesManager.swift in Sources */,
				EE6523F721DD4C20000B5FCD /* ApiUrlCreator.swift in Sources */,
				E37323A121F67DB1003B95F8 /* ButtonAnimation.swift in Sources */,
				EE1056EE21F2AF44003315CF /* MapViewController.swift in Sources */,
				EE6523DF21DD31A3000B5FCD /* ViewController.swift in Sources */,
				EE8E694D21EF8B6100279C72 /* SegueIdentifiers.swift in Sources */,
				EE6523DD21DD31A3000B5FCD /* AppDelegate.swift in Sources */,
				EE6523F221DD4B76000B5FCD /* Coordinate.swift in Sources */,
				EE1056FD21F3D450003315CF /* DataSync.swift in Sources */,
			);
			runOnlyForDeploymentPostprocessing = 0;
		};
/* End PBXSourcesBuildPhase section */

/* Begin PBXVariantGroup section */
		EE6523E021DD31A3000B5FCD /* Main.storyboard */ = {
			isa = PBXVariantGroup;
			children = (
				EE6523E121DD31A3000B5FCD /* Base */,
			);
			name = Main.storyboard;
			sourceTree = "<group>";
		};
		EE6523E521DD31A4000B5FCD /* LaunchScreen.storyboard */ = {
			isa = PBXVariantGroup;
			children = (
				EE6523E621DD31A4000B5FCD /* Base */,
			);
			name = LaunchScreen.storyboard;
			sourceTree = "<group>";
		};
/* End PBXVariantGroup section */

/* Begin XCBuildConfiguration section */
		EE6523E921DD31A4000B5FCD /* Debug */ = {
			isa = XCBuildConfiguration;
			buildSettings = {
				ALWAYS_SEARCH_USER_PATHS = NO;
				CLANG_ANALYZER_NONNULL = YES;
				CLANG_ANALYZER_NUMBER_OBJECT_CONVERSION = YES_AGGRESSIVE;
				CLANG_CXX_LANGUAGE_STANDARD = "gnu++14";
				CLANG_CXX_LIBRARY = "libc++";
				CLANG_ENABLE_MODULES = YES;
				CLANG_ENABLE_OBJC_ARC = YES;
				CLANG_ENABLE_OBJC_WEAK = YES;
				CLANG_WARN_BLOCK_CAPTURE_AUTORELEASING = YES;
				CLANG_WARN_BOOL_CONVERSION = YES;
				CLANG_WARN_COMMA = YES;
				CLANG_WARN_CONSTANT_CONVERSION = YES;
				CLANG_WARN_DEPRECATED_OBJC_IMPLEMENTATIONS = YES;
				CLANG_WARN_DIRECT_OBJC_ISA_USAGE = YES_ERROR;
				CLANG_WARN_DOCUMENTATION_COMMENTS = YES;
				CLANG_WARN_EMPTY_BODY = YES;
				CLANG_WARN_ENUM_CONVERSION = YES;
				CLANG_WARN_INFINITE_RECURSION = YES;
				CLANG_WARN_INT_CONVERSION = YES;
				CLANG_WARN_NON_LITERAL_NULL_CONVERSION = YES;
				CLANG_WARN_OBJC_IMPLICIT_RETAIN_SELF = YES;
				CLANG_WARN_OBJC_LITERAL_CONVERSION = YES;
				CLANG_WARN_OBJC_ROOT_CLASS = YES_ERROR;
				CLANG_WARN_RANGE_LOOP_ANALYSIS = YES;
				CLANG_WARN_STRICT_PROTOTYPES = YES;
				CLANG_WARN_SUSPICIOUS_MOVE = YES;
				CLANG_WARN_UNGUARDED_AVAILABILITY = YES_AGGRESSIVE;
				CLANG_WARN_UNREACHABLE_CODE = YES;
				CLANG_WARN__DUPLICATE_METHOD_MATCH = YES;
				CODE_SIGN_IDENTITY = "iPhone Developer";
				COPY_PHASE_STRIP = NO;
				DEBUG_INFORMATION_FORMAT = dwarf;
				ENABLE_STRICT_OBJC_MSGSEND = YES;
				ENABLE_TESTABILITY = YES;
				GCC_C_LANGUAGE_STANDARD = gnu11;
				GCC_DYNAMIC_NO_PIC = NO;
				GCC_NO_COMMON_BLOCKS = YES;
				GCC_OPTIMIZATION_LEVEL = 0;
				GCC_PREPROCESSOR_DEFINITIONS = (
					"DEBUG=1",
					"$(inherited)",
				);
				GCC_WARN_64_TO_32_BIT_CONVERSION = YES;
				GCC_WARN_ABOUT_RETURN_TYPE = YES_ERROR;
				GCC_WARN_UNDECLARED_SELECTOR = YES;
				GCC_WARN_UNINITIALIZED_AUTOS = YES_AGGRESSIVE;
				GCC_WARN_UNUSED_FUNCTION = YES;
				GCC_WARN_UNUSED_VARIABLE = YES;
				IPHONEOS_DEPLOYMENT_TARGET = 12.1;
				MTL_ENABLE_DEBUG_INFO = INCLUDE_SOURCE;
				MTL_FAST_MATH = YES;
				ONLY_ACTIVE_ARCH = YES;
				SDKROOT = iphoneos;
				SWIFT_ACTIVE_COMPILATION_CONDITIONS = DEBUG;
				SWIFT_OPTIMIZATION_LEVEL = "-Onone";
			};
			name = Debug;
		};
		EE6523EA21DD31A4000B5FCD /* Release */ = {
			isa = XCBuildConfiguration;
			buildSettings = {
				ALWAYS_SEARCH_USER_PATHS = NO;
				CLANG_ANALYZER_NONNULL = YES;
				CLANG_ANALYZER_NUMBER_OBJECT_CONVERSION = YES_AGGRESSIVE;
				CLANG_CXX_LANGUAGE_STANDARD = "gnu++14";
				CLANG_CXX_LIBRARY = "libc++";
				CLANG_ENABLE_MODULES = YES;
				CLANG_ENABLE_OBJC_ARC = YES;
				CLANG_ENABLE_OBJC_WEAK = YES;
				CLANG_WARN_BLOCK_CAPTURE_AUTORELEASING = YES;
				CLANG_WARN_BOOL_CONVERSION = YES;
				CLANG_WARN_COMMA = YES;
				CLANG_WARN_CONSTANT_CONVERSION = YES;
				CLANG_WARN_DEPRECATED_OBJC_IMPLEMENTATIONS = YES;
				CLANG_WARN_DIRECT_OBJC_ISA_USAGE = YES_ERROR;
				CLANG_WARN_DOCUMENTATION_COMMENTS = YES;
				CLANG_WARN_EMPTY_BODY = YES;
				CLANG_WARN_ENUM_CONVERSION = YES;
				CLANG_WARN_INFINITE_RECURSION = YES;
				CLANG_WARN_INT_CONVERSION = YES;
				CLANG_WARN_NON_LITERAL_NULL_CONVERSION = YES;
				CLANG_WARN_OBJC_IMPLICIT_RETAIN_SELF = YES;
				CLANG_WARN_OBJC_LITERAL_CONVERSION = YES;
				CLANG_WARN_OBJC_ROOT_CLASS = YES_ERROR;
				CLANG_WARN_RANGE_LOOP_ANALYSIS = YES;
				CLANG_WARN_STRICT_PROTOTYPES = YES;
				CLANG_WARN_SUSPICIOUS_MOVE = YES;
				CLANG_WARN_UNGUARDED_AVAILABILITY = YES_AGGRESSIVE;
				CLANG_WARN_UNREACHABLE_CODE = YES;
				CLANG_WARN__DUPLICATE_METHOD_MATCH = YES;
				CODE_SIGN_IDENTITY = "iPhone Developer";
				COPY_PHASE_STRIP = NO;
				DEBUG_INFORMATION_FORMAT = "dwarf-with-dsym";
				ENABLE_NS_ASSERTIONS = NO;
				ENABLE_STRICT_OBJC_MSGSEND = YES;
				GCC_C_LANGUAGE_STANDARD = gnu11;
				GCC_NO_COMMON_BLOCKS = YES;
				GCC_WARN_64_TO_32_BIT_CONVERSION = YES;
				GCC_WARN_ABOUT_RETURN_TYPE = YES_ERROR;
				GCC_WARN_UNDECLARED_SELECTOR = YES;
				GCC_WARN_UNINITIALIZED_AUTOS = YES_AGGRESSIVE;
				GCC_WARN_UNUSED_FUNCTION = YES;
				GCC_WARN_UNUSED_VARIABLE = YES;
				IPHONEOS_DEPLOYMENT_TARGET = 12.1;
				MTL_ENABLE_DEBUG_INFO = NO;
				MTL_FAST_MATH = YES;
				SDKROOT = iphoneos;
				SWIFT_COMPILATION_MODE = wholemodule;
				SWIFT_OPTIMIZATION_LEVEL = "-O";
				VALIDATE_PRODUCT = YES;
			};
			name = Release;
		};
		EE6523EC21DD31A4000B5FCD /* Debug */ = {
			isa = XCBuildConfiguration;
			baseConfigurationReference = F49C02F04A15E4C33BD1E82F /* Pods-ZTrips.debug.xcconfig */;
			buildSettings = {
				ASSETCATALOG_COMPILER_APPICON_NAME = AppIcon;
				CODE_SIGN_STYLE = Automatic;
				DEVELOPMENT_TEAM = KH7D2YUBPG;
				INFOPLIST_FILE = ZTrips/Info.plist;
				LD_RUNPATH_SEARCH_PATHS = (
					"$(inherited)",
					"@executable_path/Frameworks",
				);
				PRODUCT_BUNDLE_IDENTIFIER = com.libranner.zaragozatrips;
				PRODUCT_NAME = "$(TARGET_NAME)";
				SWIFT_VERSION = 4.2;
				TARGETED_DEVICE_FAMILY = "1,2";
			};
			name = Debug;
		};
		EE6523ED21DD31A4000B5FCD /* Release */ = {
			isa = XCBuildConfiguration;
			baseConfigurationReference = 49A2F2842A4EFD55ABC091A4 /* Pods-ZTrips.release.xcconfig */;
			buildSettings = {
				ASSETCATALOG_COMPILER_APPICON_NAME = AppIcon;
				CODE_SIGN_STYLE = Automatic;
				DEVELOPMENT_TEAM = KH7D2YUBPG;
				INFOPLIST_FILE = ZTrips/Info.plist;
				LD_RUNPATH_SEARCH_PATHS = (
					"$(inherited)",
					"@executable_path/Frameworks",
				);
				PRODUCT_BUNDLE_IDENTIFIER = com.libranner.zaragozatrips;
				PRODUCT_NAME = "$(TARGET_NAME)";
				SWIFT_VERSION = 4.2;
				TARGETED_DEVICE_FAMILY = "1,2";
			};
			name = Release;
		};
/* End XCBuildConfiguration section */

/* Begin XCConfigurationList section */
		EE6523D421DD31A3000B5FCD /* Build configuration list for PBXProject "ZTrips" */ = {
			isa = XCConfigurationList;
			buildConfigurations = (
				EE6523E921DD31A4000B5FCD /* Debug */,
				EE6523EA21DD31A4000B5FCD /* Release */,
			);
			defaultConfigurationIsVisible = 0;
			defaultConfigurationName = Release;
		};
		EE6523EB21DD31A4000B5FCD /* Build configuration list for PBXNativeTarget "ZTrips" */ = {
			isa = XCConfigurationList;
			buildConfigurations = (
				EE6523EC21DD31A4000B5FCD /* Debug */,
				EE6523ED21DD31A4000B5FCD /* Release */,
			);
			defaultConfigurationIsVisible = 0;
			defaultConfigurationName = Release;
		};
/* End XCConfigurationList section */

/* Begin XCVersionGroup section */
		EE1056F921F3BAC7003315CF /* ZTrips.xcdatamodeld */ = {
			isa = XCVersionGroup;
			children = (
				EE1056FA21F3BAC7003315CF /* ZTrips.xcdatamodel */,
			);
			currentVersion = EE1056FA21F3BAC7003315CF /* ZTrips.xcdatamodel */;
			path = ZTrips.xcdatamodeld;
			sourceTree = "<group>";
			versionGroupType = wrapper.xcdatamodel;
		};
/* End XCVersionGroup section */
	};
	rootObject = EE6523D121DD31A3000B5FCD /* Project object */;
}
